# filename|sha256|canonical download URL
dropbear-2026.94.tar.bz2|e098034a843699200c8c977a991fff73159735bf795d5f72ef672c41a6b1ae81|https://matt.ucc.asn.au/dropbear/releases/dropbear-2026.94.tar.bz2
SDL2-2.0.9.tar.gz|255186dc676ecd0c1dbf10ec8a2cc5d6869b5079d8a38194c2aecdff54b324b1|https://www.libsdl.org/release/SDL2-2.0.9.tar.gz
QuickNES_Core-31654810b9ebf8b07f9c4dc27197af7714364ea7.tar.gz|c05865407952cd102d78a6f4a1bc19666091357294cfe12909bc8dcdba019189|https://github.com/libretro/QuickNES_Core/archive/31654810b9ebf8b07f9c4dc27197af7714364ea7.tar.gz
snes9x2010-187e2b58fc09dfeb9fdb5a95bc26786219a111cf.tar.gz|323070dc047a9e483ca67fc85823dac576491f7026a8e2260c54b3cbec2c0542|https://github.com/libretro/snes9x2010/archive/187e2b58fc09dfeb9fdb5a95bc26786219a111cf.tar.gz
gambatte-libretro-dd1cf9fdbadbdceee50ff0600321251c823c3ca5.tar.gz|25e27bcfc0a023e6f959d52cb2942d01ca177eb6a59311373b69bfbd3898e007|https://github.com/libretro/gambatte-libretro/archive/dd1cf9fdbadbdceee50ff0600321251c823c3ca5.tar.gz
vba-next-019132daf41e33a9529036b8728891a221a8ce2e.tar.gz|29481df161a67fd2a9a3d5e4ff1c3330c3b60482c4527b9642a71f0e63505d6d|https://github.com/libretro/vba-next/archive/019132daf41e33a9529036b8728891a221a8ce2e.tar.gz
Genesis-Plus-GX-7fa34f20de659004399f58a845291a4496cc9d8c.tar.gz|a6199c3b5a6ce7d693e60d4ccb32256915f6fa96603f42f557940e9423775b2f|https://github.com/libretro/Genesis-Plus-GX/archive/7fa34f20de659004399f58a845291a4496cc9d8c.tar.gz
beetle-pce-fast-libretro-bdcb39400470cfc9457e170e223a2e70130fdd5c.tar.gz|341d63129e3baba52f95080fd7c23d421e1f0696d18cc4c4971780bdc49d44bf|https://github.com/libretro/beetle-pce-fast-libretro/archive/bdcb39400470cfc9457e170e223a2e70130fdd5c.tar.gz
pcsx_rearmed-19b9695a71f15ef0bf61c7c3cfd6c98ec5ccb028.tar.gz|2a5722b82870c8688f5819e7f4db3bedae394c5b79c2165c9d2abc3c9bfff1ab|https://github.com/libretro/pcsx_rearmed/archive/19b9695a71f15ef0bf61c7c3cfd6c98ec5ccb028.tar.gz
mame2003-libretro-e3d1dac4cfaa4d03f8da5a6d78149bfefe894302.tar.gz|9a8abe56aa8fca8c899f28f8fe10f3d0aef62ee8825a96266e5482739b087ca5|https://github.com/libretro/mame2003-libretro/archive/e3d1dac4cfaa4d03f8da5a6d78149bfefe894302.tar.gz
emuelec-emulationstation-2afe6efec4e09176882d98323bda5d3f664870a7.tar.gz|4d6a119f1d1386c64e49bc55c6092b3dc1f43058fcd70a08488a85e7895499fe|https://github.com/EmuELEC/emuelec-emulationstation/archive/2afe6efec4e09176882d98323bda5d3f664870a7.tar.gz
pugixml-7247a823b72259a2b814696838d02f7424a8ce0e.tar.gz|856556015802ec68ed0e8febe577523fd97cf0269650ad0a3648c87f38e103b6|https://github.com/zeux/pugixml/archive/7247a823b72259a2b814696838d02f7424a8ce0e.tar.gz
FreeImage3180.zip|f41379682f9ada94ea7b34fe86bf9ee00935a3147be41b6569c9605a53e438fd|https://downloads.sourceforge.net/project/freeimage/Source%20Distribution/3.18.0/FreeImage3180.zip
curl-7.71.1.tar.xz|40f83eda27cdbeb25cd4da48cefb639af1b9395d6026d2da1825bf059239658c|https://curl.se/download/curl-7.71.1.tar.xz
rapidjson-1.1.0.tar.gz|bf7ced29704a1e696fbccf2a2b4ea068e7774fa37f6d7dd4039d0787f8bed98e|https://github.com/Tencent/rapidjson/archive/v1.1.0.tar.gz
SDL2_mixer-2.0.4.tar.gz|b4cf5a382c061cd75081cf246c2aa2f9df8db04bdda8dcdc6b6cca55bede2419|https://www.libsdl.org/projects/SDL_mixer/release/SDL2_mixer-2.0.4.tar.gz
libogg-1.3.3.tar.xz|4f3fc6178a533d392064f14776b23c397ed4b9f48f5de297aba73b643f955c08|https://downloads.xiph.org/releases/ogg/libogg-1.3.3.tar.xz
libvorbis-1.3.6.tar.xz|af00bb5a784e7c9e69f56823de4637c350643deedaf333d0fa86ecdba6fcb415|https://downloads.xiph.org/releases/vorbis/libvorbis-1.3.6.tar.xz
libretro-core-info-f8c1149c628c13be63a6ea605f49f0a94fec1421.tar.gz|0dbe5fd3a0b8a56b6c487b5c64e4258cb12a093d086c3c51220b514bf69e4344|https://github.com/libretro/libretro-core-info/archive/f8c1149c628c13be63a6ea605f49f0a94fec1421.tar.gz
es-theme-EmuELEC-carbon-62509737c2f732b81ce7bf37f6c4c3b82dafae28.tar.gz|214bb1bb7245caa1a31cf6c28ffebb8c0bce24fd3b656890a5e9ea2428bdf97e|https://github.com/EmuELEC/es-theme-EmuELEC-carbon/archive/62509737c2f732b81ce7bf37f6c4c3b82dafae28.tar.gz
cmake-3.20.6-linux-x86_64.tar.gz|458777097903b0f35a0452266b923f0a2f5b62fe331e636e2dcc4b636b768e36|https://github.com/Kitware/CMake/releases/download/v3.20.6/cmake-3.20.6-linux-x86_64.tar.gz
